Microsoft Visual Studio Solution File, Format Version 12.00
# Visual Studio Version 17
VisualStudioVersion = 17.5.2.0
MinimumVisualStudioVersion = 10.0.40219.1
Project("{FAE04EC0-301F-11D3-BF4B-00C04F79EFBC}") = "numero_par", "numero_par\numero_par.csproj", "{1FCF873D-BE58-2CDE-5747-4F59B87A6806}"
EndProject
Project("{FAE04EC0-301F-11D3-BF4B-00C04F79EFBC}") = "rpg", "rpg\rpg.csproj", "{429426E5-E7DC-54CD-8027-202AB1B56F9E}"
EndProject
Global
	GlobalSection(SolutionConfigurationPlatforms) = preSolution
		Debug|Any CPU = Debug|Any CPU
		Release|Any CPU = Release|Any CPU
	EndGlobalSection
	GlobalSection(ProjectConfigurationPlatforms) = postSolution
		{1FCF873D-BE58-2CDE-5747-4F59B87A6806}.Debug|Any CPU.ActiveCfg = Debug|Any CPU
		{1FCF873D-BE58-2CDE-5747-4F59B87A6806}.Debug|Any CPU.Build.0 = Debug|Any CPU
		{1FCF873D-BE58-2CDE-5747-4F59B87A6806}.Release|Any CPU.ActiveCfg = Release|Any CPU
		{1FCF873D-BE58-2CDE-5747-4F59B87A6806}.Release|Any CPU.Build.0 = Release|Any CPU
		{429426E5-E7DC-54CD-8027-202AB1B56F9E}.Debug|Any CPU.ActiveCfg = Debug|Any CPU
		{429426E5-E7DC-54CD-8027-202AB1B56F9E}.Debug|Any CPU.Build.0 = Debug|Any CPU
		{429426E5-E7DC-54CD-8027-202AB1B56F9E}.Release|Any CPU.ActiveCfg = Release|Any CPU
		{429426E5-E7DC-54CD-8027-202AB1B56F9E}.Release|Any CPU.Build.0 = Release|Any CPU
	EndGlobalSection
	GlobalSection(SolutionProperties) = preSolution
		HideSolutionNode = FALSE
	EndGlobalSection
	GlobalSection(ExtensibilityGlobals) = postSolution
		SolutionGuid = {E56486BC-69D4-4D86-AF38-F6AA9F085AF2}
	EndGlobalSection
EndGlobal
